{
  "name": "UiAssignmentTenth",
  "lockfileVersion": 3,
  "requires": true,
  "packages": {
    "": {
      "dependencies": {
        "new": "^0.1.1"
      }
    },
    "node_modules/new": {
      "version": "0.1.1",
      "resolved": "https://registry.npmjs.org/new/-/new-0.1.1.tgz",
      "integrity": "sha512-et66JzEf07vnDYRrJrRd6IEZvbb4c69ksiLWzHoKzlCgXJgipIIQdmSUvoKJByWPQMyt5yuUF/00e509IMrj+A==",
      "bin": {
        "new.js": "new.js"
      },
      "engines": {
        "node": "*"
      }
    }
  }
}
